// !$*UTF8*$!
{
	archiveVersion = 1;
	classes = {
	};
	objectVersion = 50;
	objects = {

/* Begin PBXBuildFile section */
		3D5F6074244AE5AA00D9220F /* AppDelegate.swift in Sources */ = {isa = PBXBuildFile; fileRef = 3D5F6073244AE5AA00D9220F /* AppDelegate.swift */; };
		3D5F6076244AE5AA00D9220F /* SceneDelegate.swift in Sources */ = {isa = PBXBuildFile; fileRef = 3D5F6075244AE5AA00D9220F /* SceneDelegate.swift */; };
		3D5F6078244AE5AA00D9220F /* ViewController.swift in Sources */ = {isa = PBXBuildFile; fileRef = 3D5F6077244AE5AA00D9220F /* ViewController.swift */; };
		3D5F607B244AE5AA00D9220F /* Main.storyboard in Resources */ = {isa = PBXBuildFile; fileRef = 3D5F6079244AE5AA00D9220F /* Main.storyboard */; };
		3D5F607D244AE5AB00D9220F /* Assets.xcassets in Resources */ = {isa = PBXBuildFile; fileRef = 3D5F607C244AE5AB00D9220F /* Assets.xcassets */; };
		3D5F6080244AE5AB00D9220F /* LaunchScreen.storyboard in Resources */ = {isa = PBXBuildFile; fileRef = 3D5F607E244AE5AB00D9220F /* LaunchScreen.storyboard */; };
		3D5F60A4244AEC2900D9220F /* MainViewController.swift in Sources */ = {isa = PBXBuildFile; fileRef = 3D5F60A3244AEC2900D9220F /* MainViewController.swift */; };
		3D5F60A6244AEDF300D9220F /* LoginViewController.swift in Sources */ = {isa = PBXBuildFile; fileRef = 3D5F60A5244AEDF300D9220F /* LoginViewController.swift */; };
		3D5F60AA244B02EE00D9220F /* SignViewController.swift in Sources */ = {isa = PBXBuildFile; fileRef = 3D5F60A9244B02EE00D9220F /* SignViewController.swift */; };
		3DA6C86E245BC3E800B91C5D /* ScrollViewController.swift in Sources */ = {isa = PBXBuildFile; fileRef = 3DA6C86D245BC3E800B91C5D /* ScrollViewController.swift */; };
/* End PBXBuildFile section */

/* Begin PBXContainerItemProxy section */
		3D5F6087244AE5AC00D9220F /* PBXContainerItemProxy */ = {
			isa = PBXContainerItemProxy;
			containerPortal = 3D5F6068244AE5AA00D9220F /* Project object */;
			proxyType = 1;
			remoteGlobalIDString = 3D5F606F244AE5AA00D9220F;
			remoteInfo = IOS_assignment_login;
		};
		3D5F6092244AE5AC00D9220F /* PBXContainerItemProxy */ = {
			isa = PBXContainerItemProxy;
			containerPortal = 3D5F6068244AE5AA00D9220F /* Project object */;
			proxyType = 1;
			remoteGlobalIDString = 3D5F606F244AE5AA00D9220F;
			remoteInfo = IOS_assignment_login;
		};
/* End PBXContainerItemProxy section */

/* Begin PBXFileReference section */
		3D5F6070244AE5AA00D9220F /* IOS_assignment_login.app */ = {isa = PBXFileReference; explicitFileType = wrapper.application; includeInIndex = 0; path = IOS_assignment_login.app; sourceTree = BUILT_PRODUCTS_DIR; };
		3D5F6073244AE5AA00D9220F /* AppDelegate.swift */ = {isa = PBXFileReference; lastKnownFileType = sourcecode.swift; path = AppDelegate.swift; sourceTree = "<group>"; };
		3D5F6075244AE5AA00D9220F /* SceneDelegate.swift */ = {isa = PBXFileReference; lastKnownFileType = sourcecode.swift; path = SceneDelegate.swift; sourceTree = "<group>"; };
		3D5F6077244AE5AA00D9220F /* ViewController.swift */ = {isa = PBXFileReference; lastKnownFileType = sourcecode.swift; path = ViewController.swift; sourceTree = "<group>"; };
		3D5F607A244AE5AA00D9220F /* Base */ = {isa = PBXFileReference; lastKnownFileType = file.storyboard; name = Base; path = Base.lproj/Main.storyboard; sourceTree = "<group>"; };
		3D5F607C244AE5AB00D9220F /* Assets.xcassets */ = {isa = PBXFileReference; lastKnownFileType = folder.assetcatalog; path = Assets.xcassets; sourceTree = "<group>"; };
		3D5F607F244AE5AB00D9220F /* Base */ = {isa = PBXFileReference; lastKnownFileType = file.storyboard; name = Base; path = Base.lproj/LaunchScreen.storyboard; sourceTree = "<group>"; };
		3D5F6081244AE5AB00D9220F /* Info.plist */ = {isa = PBXFileReference; lastKnownFileType = text.plist.xml; path = Info.plist; sourceTree = "<group>"; };
		3D5F6086244AE5AC00D9220F /* IOS_assignment_loginTests.xctest */ = {isa = PBXFileReference; explicitFileType = wrapper.cfbundle; includeInIndex = 0; path = IOS_assignment_loginTests.xctest; sourceTree = BUILT_PRODUCTS_DIR; };
		3D5F6091244AE5AC00D9220F /* IOS_assignment_loginUITests.xctest */ = {isa = PBXFileReference; explicitFileType = wrapper.cfbundle; includeInIndex = 0; path = IOS_assignment_loginUITests.xctest; sourceTree = BUILT_PRODUCTS_DIR; };
		3D5F60A3244AEC2900D9220F /* MainViewController.swift */ = {isa = PBXFileReference; lastKnownFileType = sourcecode.swift; path = MainViewController.swift; sourceTree = "<group>"; };
		3D5F60A5244AEDF300D9220F /* LoginViewController.swift */ = {isa = PBXFileReference; lastKnownFileType = sourcecode.swift; path = LoginViewController.swift; sourceTree = "<group>"; };
		3D5F60A9244B02EE00D9220F /* SignViewController.swift */ = {isa = PBXFileReference; lastKnownFileType = sourcecode.swift; path = SignViewController.swift; sourceTree = "<group>"; };
		3DA6C86D245BC3E800B91C5D /* ScrollViewController.swift */ = {isa = PBXFileReference; lastKnownFileType = sourcecode.swift; path = ScrollViewController.swift; sourceTree = "<group>"; };
/* End PBXFileReference section */

/* Begin PBXFrameworksBuildPhase section */
		3D5F606D244AE5AA00D9220F /* Frameworks */ = {
			isa = PBXFrameworksBuildPhase;
			buildActionMask = 2147483647;
			files = (
			);
			runOnlyForDeploymentPostprocessing = 0;
		};
		3D5F6083244AE5AC00D9220F /* Frameworks */ = {
			isa = PBXFrameworksBuildPhase;
			buildActionMask = 2147483647;
			files = (
			);
			runOnlyForDeploymentPostprocessing = 0;
		};
		3D5F608E244AE5AC00D9220F /* Frameworks */ = {
			isa = PBXFrameworksBuildPhase;
			buildActionMask = 2147483647;
			files = (
			);
			runOnlyForDeploymentPostprocessing = 0;
		};
/* End PBXFrameworksBuildPhase section */

/* Begin PBXGroup section */
		3D5F6067244AE5AA00D9220F = {
			isa = PBXGroup;
			children = (
				3D5F6072244AE5AA00D9220F /* IOS_assignment_login */,
				3D5F6071244AE5AA00D9220F /* Products */,
			);
			sourceTree = "<group>";
		};
		3D5F6071244AE5AA00D9220F /* Products */ = {
			isa = PBXGroup;
			children = (
				3D5F6070244AE5AA00D9220F /* IOS_assignment_login.app */,
				3D5F6086244AE5AC00D9220F /* IOS_assignment_loginTests.xctest */,
				3D5F6091244AE5AC00D9220F /* IOS_assignment_loginUITests.xctest */,
			);
			name = Products;
			sourceTree = "<group>";
		};
		3D5F6072244AE5AA00D9220F /* IOS_assignment_login */ = {
			isa = PBXGroup;
			children = (
				3D5F6073244AE5AA00D9220F /* AppDelegate.swift */,
				3D5F6075244AE5AA00D9220F /* SceneDelegate.swift */,
				3D5F6077244AE5AA00D9220F /* ViewController.swift */,
				3D5F6079244AE5AA00D9220F /* Main.storyboard */,
				3D5F607C244AE5AB00D9220F /* Assets.xcassets */,
				3D5F607E244AE5AB00D9220F /* LaunchScreen.storyboard */,
				3D5F6081244AE5AB00D9220F /* Info.plist */,
				3D5F60A3244AEC2900D9220F /* MainViewController.swift */,
				3D5F60A5244AEDF300D9220F /* LoginViewController.swift */,
				3D5F60A9244B02EE00D9220F /* SignViewController.swift */,
				3DA6C86D245BC3E800B91C5D /* ScrollViewController.swift */,
			);
			path = IOS_assignment_login;
			sourceTree = "<group>";
		};
/* End PBXGroup section */

/* Begin PBXNativeTarget section */
		3D5F606F244AE5AA00D9220F /* IOS_assignment_login */ = {
			isa = PBXNativeTarget;
			buildConfigurationList = 3D5F609A244AE5AC00D9220F /* Build configuration list for PBXNativeTarget "IOS_assignment_login" */;
			buildPhases = (
				3D5F606C244AE5AA00D9220F /* Sources */,
				3D5F606D244AE5AA00D9220F /* Frameworks */,
				3D5F606E244AE5AA00D9220F /* Resources */,
			);
			buildRules = (
			);
			dependencies = (
			);
			name = IOS_assignment_login;
			productName = IOS_assignment_login;
			productReference = 3D5F6070244AE5AA00D9220F /* IOS_assignment_login.app */;
			productType = "com.apple.product-type.application";
		};
		3D5F6085244AE5AC00D9220F /* IOS_assignment_loginTests */ = {
			isa = PBXNativeTarget;
			buildConfigurationList = 3D5F609D244AE5AC00D9220F /* Build configuration list for PBXNativeTarget "IOS_assignment_loginTests" */;
			buildPhases = (
				3D5F6082244AE5AC00D9220F /* Sources */,
				3D5F6083244AE5AC00D9220F /* Frameworks */,
				3D5F6084244AE5AC00D9220F /* Resources */,
			);
			buildRules = (
			);
			dependencies = (
				3D5F6088244AE5AC00D9220F /* PBXTargetDependency */,
			);
			name = IOS_assignment_loginTests;
			productName = IOS_assignment_loginTests;
			productReference = 3D5F6086244AE5AC00D9220F /* IOS_assignment_loginTests.xctest */;
			productType = "com.apple.product-type.bundle.unit-test";
		};
		3D5F6090244AE5AC00D9220F /* IOS_assignment_loginUITests */ = {
			isa = PBXNativeTarget;
			buildConfigurationList = 3D5F60A0244AE5AC00D9220F /* Build configuration list for PBXNativeTarget "IOS_assignment_loginUITests" */;
			buildPhases = (
				3D5F608D244AE5AC00D9220F /* Sources */,
				3D5F608E244AE5AC00D9220F /* Frameworks */,
				3D5F608F244AE5AC00D9220F /* Resources */,
			);
			buildRules = (
			);
			dependencies = (
				3D5F6093244AE5AC00D9220F /* PBXTargetDependency */,
			);
			name = IOS_assignment_loginUITests;
			productName = IOS_assignment_loginUITests;
			productReference = 3D5F6091244AE5AC00D9220F /* IOS_assignment_loginUITests.xctest */;
			productType = "com.apple.product-type.bundle.ui-testing";
		};
/* End PBXNativeTarget section */

/* Begin PBXProject section */
		3D5F6068244AE5AA00D9220F /* Project object */ = {
			isa = PBXProject;
			attributes = {
				LastSwiftUpdateCheck = 1120;
				LastUpgradeCheck = 1120;
				ORGANIZATIONNAME = "김민희";
				TargetAttributes = {
					3D5F606F244AE5AA00D9220F = {
						CreatedOnToolsVersion = 11.2.1;
					};
					3D5F6085244AE5AC00D9220F = {
						CreatedOnToolsVersion = 11.2.1;
						TestTargetID = 3D5F606F244AE5AA00D9220F;
					};
					3D5F6090244AE5AC00D9220F = {
						CreatedOnToolsVersion = 11.2.1;
						TestTargetID = 3D5F606F244AE5AA00D9220F;
					};
				};
			};
			buildConfigurationList = 3D5F606B244AE5AA00D9220F /* Build configuration list for PBXProject "IOS_assignment_login" */;
			compatibilityVersion = "Xcode 9.3";
			developmentRegion = en;
			hasScannedForEncodings = 0;
			knownRegions = (
				en,
				Base,
			);
			mainGroup = 3D5F6067244AE5AA00D9220F;
			productRefGroup = 3D5F6071244AE5AA00D9220F /* Products */;
			projectDirPath = "";
			projectRoot = "";
			targets = (
				3D5F606F244AE5AA00D9220F /* IOS_assignment_login */,
				3D5F6085244AE5AC00D9220F /* IOS_assignment_loginTests */,
				3D5F6090244AE5AC00D9220F /* IOS_assignment_loginUITests */,
			);
		};
/* End PBXProject section */

/* Begin PBXResourcesBuildPhase section */
		3D5F606E244AE5AA00D9220F /* Resources */ = {
			isa = PBXResourcesBuildPhase;
			buildActionMask = 2147483647;
			files = (
				3D5F6080244AE5AB00D9220F /* LaunchScreen.storyboard in Resources */,
				3D5F607D244AE5AB00D9220F /* Assets.xcassets in Resources */,
				3D5F607B244AE5AA00D9220F /* Main.storyboard in Resources */,
			);
			runOnlyForDeploymentPostprocessing = 0;
		};
		3D5F6084244AE5AC00D9220F /* Resources */ = {
			isa = PBXResourcesBuildPhase;
			buildActionMask = 2147483647;
			files = (
			);
			runOnlyForDeploymentPostprocessing = 0;
		};
		3D5F608F244AE5AC00D9220F /* Resources */ = {
			isa = PBXResourcesBuildPhase;
			buildActionMask = 2147483647;
			files = (
			);
			runOnlyForDeploymentPostprocessing = 0;
		};
/* End PBXResourcesBuildPhase section */

/* Begin PBXSourcesBuildPhase section */
		3D5F606C244AE5AA00D9220F /* Sources */ = {
			isa = PBXSourcesBuildPhase;
			buildActionMask = 2147483647;
			files = (
				3D5F6078244AE5AA00D9220F /* ViewController.swift in Sources */,
				3D5F60AA244B02EE00D9220F /* SignViewController.swift in Sources */,
				3D5F6074244AE5AA00D9220F /* AppDelegate.swift in Sources */,
				3DA6C86E245BC3E800B91C5D /* ScrollViewController.swift in Sources */,
				3D5F6076244AE5AA00D9220F /* SceneDelegate.swift in Sources */,
				3D5F60A6244AEDF300D9220F /* LoginViewController.swift in Sources */,
				3D5F60A4244AEC2900D9220F /* MainViewController.swift in Sources */,
			);
			runOnlyForDeploymentPostprocessing = 0;
		};
		3D5F6082244AE5AC00D9220F /* Sources */ = {
			isa = PBXSourcesBuildPhase;
			buildActionMask = 2147483647;
			files = (
			);
			runOnlyForDeploymentPostprocessing = 0;
		};
		3D5F608D244AE5AC00D9220F /* Sources */ = {
			isa = PBXSourcesBuildPhase;
			buildActionMask = 2147483647;
			files = (
			);
			runOnlyForDeploymentPostprocessing = 0;
		};
/* End PBXSourcesBuildPhase section */

/* Begin PBXTargetDependency section */
		3D5F6088244AE5AC00D9220F /* PBXTargetDependency */ = {
			isa = PBXTargetDependency;
			target = 3D5F606F244AE5AA00D9220F /* IOS_assignment_login */;
			targetProxy = 3D5F6087244AE5AC00D9220F /* PBXContainerItemProxy */;
		};
		3D5F6093244AE5AC00D9220F /* PBXTargetDependency */ = {
			isa = PBXTargetDependency;
			target = 3D5F606F244AE5AA00D9220F /* IOS_assignment_login */;
			targetProxy = 3D5F6092244AE5AC00D9220F /* PBXContainerItemProxy */;
		};
/* End PBXTargetDependency section */

/* Begin PBXVariantGroup section */
		3D5F6079244AE5AA00D9220F /* Main.storyboard */ = {
			isa = PBXVariantGroup;
			children = (
				3D5F607A244AE5AA00D9220F /* Base */,
			);
			name = Main.storyboard;
			sourceTree = "<group>";
		};
		3D5F607E244AE5AB00D9220F /* LaunchScreen.storyboard */ = {
			isa = PBXVariantGroup;
			children = (
				3D5F607F244AE5AB00D9220F /* Base */,
			);
			name = LaunchScreen.storyboard;
			sourceTree = "<group>";
		};
/* End PBXVariantGroup section */

/* Begin XCBuildConfiguration section */
		3D5F6098244AE5AC00D9220F /* Debug */ = {
			isa = XCBuildConfiguration;
			buildSettings = {
				ALWAYS_SEARCH_USER_PATHS = NO;
				CLANG_ANALYZER_NONNULL = YES;
				CLANG_ANALYZER_NUMBER_OBJECT_CONVERSION = YES_AGGRESSIVE;
				CLANG_CXX_LANGUAGE_STANDARD = "gnu++14";
				CLANG_CXX_LIBRARY = "libc++";
				CLANG_ENABLE_MODULES = YES;
				CLANG_ENABLE_OBJC_ARC = YES;
				CLANG_ENABLE_OBJC_WEAK = YES;
				CLANG_WARN_BLOCK_CAPTURE_AUTORELEASING = YES;
				CLANG_WARN_BOOL_CONVERSION = YES;
				CLANG_WARN_COMMA = YES;
				CLANG_WARN_CONSTANT_CONVERSION = YES;
				CLANG_WARN_DEPRECATED_OBJC_IMPLEMENTATIONS = YES;
				CLANG_WARN_DIRECT_OBJC_ISA_USAGE = YES_ERROR;
				CLANG_WARN_DOCUMENTATION_COMMENTS = YES;
				CLANG_WARN_EMPTY_BODY = YES;
				CLANG_WARN_ENUM_CONVERSION = YES;
				CLANG_WARN_INFINITE_RECURSION = YES;
				CLANG_WARN_INT_CONVERSION = YES;
				CLANG_WARN_NON_LITERAL_NULL_CONVERSION = YES;
				CLANG_WARN_OBJC_IMPLICIT_RETAIN_SELF = YES;
				CLANG_WARN_OBJC_LITERAL_CONVERSION = YES;
				CLANG_WARN_OBJC_ROOT_CLASS = YES_ERROR;
				CLANG_WARN_RANGE_LOOP_ANALYSIS = YES;
				CLANG_WARN_STRICT_PROTOTYPES = YES;
				CLANG_WARN_SUSPICIOUS_MOVE = YES;
				CLANG_WARN_UNGUARDED_AVAILABILITY = YES_AGGRESSIVE;
				CLANG_WARN_UNREACHABLE_CODE = YES;
				CLANG_WARN__DUPLICATE_METHOD_MATCH = YES;
				COPY_PHASE_STRIP = NO;
				DEBUG_INFORMATION_FORMAT = dwarf;
				ENABLE_STRICT_OBJC_MSGSEND = YES;
				ENABLE_TESTABILITY = YES;
				GCC_C_LANGUAGE_STANDARD = gnu11;
				GCC_DYNAMIC_NO_PIC = NO;
				GCC_NO_COMMON_BLOCKS = YES;
				GCC_OPTIMIZATION_LEVEL = 0;
				GCC_PREPROCESSOR_DEFINITIONS = (
					"DEBUG=1",
					"$(inherited)",
				);
				GCC_WARN_64_TO_32_BIT_CONVERSION = YES;
				GCC_WARN_ABOUT_RETURN_TYPE = YES_ERROR;
				GCC_WARN_UNDECLARED_SELECTOR = YES;
				GCC_WARN_UNINITIALIZED_AUTOS = YES_AGGRESSIVE;
				GCC_WARN_UNUSED_FUNCTION = YES;
				GCC_WARN_UNUSED_VARIABLE = YES;
				IPHONEOS_DEPLOYMENT_TARGET = 13.2;
				MTL_ENABLE_DEBUG_INFO = INCLUDE_SOURCE;
				MTL_FAST_MATH = YES;
				ONLY_ACTIVE_ARCH = YES;
				SDKROOT = iphoneos;
				SWIFT_ACTIVE_COMPILATION_CONDITIONS = DEBUG;
				SWIFT_OPTIMIZATION_LEVEL = "-Onone";
			};
			name = Debug;
		};
		3D5F6099244AE5AC00D9220F /* Release */ = {
			isa = XCBuildConfiguration;
			buildSettings = {
				ALWAYS_SEARCH_USER_PATHS = NO;
				CLANG_ANALYZER_NONNULL = YES;
				CLANG_ANALYZER_NUMBER_OBJECT_CONVERSION = YES_AGGRESSIVE;
				CLANG_CXX_LANGUAGE_STANDARD = "gnu++14";
				CLANG_CXX_LIBRARY = "libc++";
				CLANG_ENABLE_MODULES = YES;
				CLANG_ENABLE_OBJC_ARC = YES;
				CLANG_ENABLE_OBJC_WEAK = YES;
				CLANG_WARN_BLOCK_CAPTURE_AUTORELEASING = YES;
				CLANG_WARN_BOOL_CONVERSION = YES;
				CLANG_WARN_COMMA = YES;
				CLANG_WARN_CONSTANT_CONVERSION = YES;
				CLANG_WARN_DEPRECATED_OBJC_IMPLEMENTATIONS = YES;
				CLANG_WARN_DIRECT_OBJC_ISA_USAGE = YES_ERROR;
				CLANG_WARN_DOCUMENTATION_COMMENTS = YES;
				CLANG_WARN_EMPTY_BODY = YES;
				CLANG_WARN_ENUM_CONVERSION = YES;
				CLANG_WARN_INFINITE_RECURSION = YES;
				CLANG_WARN_INT_CONVERSION = YES;
				CLANG_WARN_NON_LITERAL_NULL_CONVERSION = YES;
				CLANG_WARN_OBJC_IMPLICIT_RETAIN_SELF = YES;
				CLANG_WARN_OBJC_LITERAL_CONVERSION = YES;
				CLANG_WARN_OBJC_ROOT_CLASS = YES_ERROR;
				CLANG_WARN_RANGE_LOOP_ANALYSIS = YES;
				CLANG_WARN_STRICT_PROTOTYPES = YES;
				CLANG_WARN_SUSPICIOUS_MOVE = YES;
				CLANG_WARN_UNGUARDED_AVAILABILITY = YES_AGGRESSIVE;
				CLANG_WARN_UNREACHABLE_CODE = YES;
				CLANG_WARN__DUPLICATE_METHOD_MATCH = YES;
				COPY_PHASE_STRIP = NO;
				DEBUG_INFORMATION_FORMAT = "dwarf-with-dsym";
				ENABLE_NS_ASSERTIONS = NO;
				ENABLE_STRICT_OBJC_MSGSEND = YES;
				GCC_C_LANGUAGE_STANDARD = gnu11;
				GCC_NO_COMMON_BLOCKS = YES;
				GCC_WARN_64_TO_32_BIT_CONVERSION = YES;
				GCC_WARN_ABOUT_RETURN_TYPE = YES_ERROR;
				GCC_WARN_UNDECLARED_SELECTOR = YES;
				GCC_WARN_UNINITIALIZED_AUTOS = YES_AGGRESSIVE;
				GCC_WARN_UNUSED_FUNCTION = YES;
				GCC_WARN_UNUSED_VARIABLE = YES;
				IPHONEOS_DEPLOYMENT_TARGET = 13.2;
				MTL_ENABLE_DEBUG_INFO = NO;
				MTL_FAST_MATH = YES;
				SDKROOT = iphoneos;
				SWIFT_COMPILATION_MODE = wholemodule;
				SWIFT_OPTIMIZATION_LEVEL = "-O";
				VALIDATE_PRODUCT = YES;
			};
			name = Release;
		};
		3D5F609B244AE5AC00D9220F /* Debug */ = {
			isa = XCBuildConfiguration;
			buildSettings = {
				ASSETCATALOG_COMPILER_APPICON_NAME = AppIcon;
				CODE_SIGN_STYLE = Automatic;
				DEVELOPMENT_TEAM = DUQE66MABG;
				INFOPLIST_FILE = IOS_assignment_login/Info.plist;
				LD_RUNPATH_SEARCH_PATHS = (
					"$(inherited)",
					"@executable_path/Frameworks",
				);
				PRODUCT_BUNDLE_IDENTIFIER = "sopt.IOS-assignment-login";
				PRODUCT_NAME = "$(TARGET_NAME)";
				SWIFT_VERSION = 5.0;
				TARGETED_DEVICE_FAMILY = "1,2";
			};
			name = Debug;
		};
		3D5F609C244AE5AC00D9220F /* Release */ = {
			isa = XCBuildConfiguration;
			buildSettings = {
				ASSETCATALOG_COMPILER_APPICON_NAME = AppIcon;
				CODE_SIGN_STYLE = Automatic;
				DEVELOPMENT_TEAM = DUQE66MABG;
				INFOPLIST_FILE = IOS_assignment_login/Info.plist;
				LD_RUNPATH_SEARCH_PATHS = (
					"$(inherited)",
					"@executable_path/Frameworks",
				);
				PRODUCT_BUNDLE_IDENTIFIER = "sopt.IOS-assignment-login";
				PRODUCT_NAME = "$(TARGET_NAME)";
				SWIFT_VERSION = 5.0;
				TARGETED_DEVICE_FAMILY = "1,2";
			};
			name = Release;
		};
		3D5F609E244AE5AC00D9220F /* Debug */ = {
			isa = XCBuildConfiguration;
			buildSettings = {
				ALWAYS_EMBED_SWIFT_STANDARD_LIBRARIES = YES;
				BUNDLE_LOADER = "$(TEST_HOST)";
				CODE_SIGN_STYLE = Automatic;
				DEVELOPMENT_TEAM = DUQE66MABG;
				INFOPLIST_FILE = IOS_assignment_loginTests/Info.plist;
				IPHONEOS_DEPLOYMENT_TARGET = 13.2;
				LD_RUNPATH_SEARCH_PATHS = (
					"$(inherited)",
					"@executable_path/Frameworks",
					"@loader_path/Frameworks",
				);
				PRODUCT_BUNDLE_IDENTIFIER = "sopt.IOS-assignment-loginTests";
				PRODUCT_NAME = "$(TARGET_NAME)";
				SWIFT_VERSION = 5.0;
				TARGETED_DEVICE_FAMILY = "1,2";
				TEST_HOST = "$(BUILT_PRODUCTS_DIR)/IOS_assignment_login.app/IOS_assignment_login";
			};
			name = Debug;
		};
		3D5F609F244AE5AC00D9220F /* Release */ = {
			isa = XCBuildConfiguration;
			buildSettings = {
				ALWAYS_EMBED_SWIFT_STANDARD_LIBRARIES = YES;
				BUNDLE_LOADER = "$(TEST_HOST)";
				CODE_SIGN_STYLE = Automatic;
				DEVELOPMENT_TEAM = DUQE66MABG;
				INFOPLIST_FILE = IOS_assignment_loginTests/Info.plist;
				IPHONEOS_DEPLOYMENT_TARGET = 13.2;
				LD_RUNPATH_SEARCH_PATHS = (
					"$(inherited)",
					"@executable_path/Frameworks",
					"@loader_path/Frameworks",
				);
				PRODUCT_BUNDLE_IDENTIFIER = "sopt.IOS-assignment-loginTests";
				PRODUCT_NAME = "$(TARGET_NAME)";
				SWIFT_VERSION = 5.0;
				TARGETED_DEVICE_FAMILY = "1,2";
				TEST_HOST = "$(BUILT_PRODUCTS_DIR)/IOS_assignment_login.app/IOS_assignment_login";
			};
			name = Release;
		};
		3D5F60A1244AE5AC00D9220F /* Debug */ = {
			isa = XCBuildConfiguration;
			buildSettings = {
				ALWAYS_EMBED_SWIFT_STANDARD_LIBRARIES = YES;
				CODE_SIGN_STYLE = Automatic;
				DEVELOPMENT_TEAM = DUQE66MABG;
				INFOPLIST_FILE = IOS_assignment_loginUITests/Info.plist;
				LD_RUNPATH_SEARCH_PATHS = (
					"$(inherited)",
					"@executable_path/Frameworks",
					"@loader_path/Frameworks",
				);
				PRODUCT_BUNDLE_IDENTIFIER = "sopt.IOS-assignment-loginUITests";
				PRODUCT_NAME = "$(TARGET_NAME)";
				SWIFT_VERSION = 5.0;
				TARGETED_DEVICE_FAMILY = "1,2";
				TEST_TARGET_NAME = IOS_assignment_login;
			};
			name = Debug;
		};
		3D5F60A2244AE5AC00D9220F /* Release */ = {
			isa = XCBuildConfiguration;
			buildSettings = {
				ALWAYS_EMBED_SWIFT_STANDARD_LIBRARIES = YES;
				CODE_SIGN_STYLE = Automatic;
				DEVELOPMENT_TEAM = DUQE66MABG;
				INFOPLIST_FILE = IOS_assignment_loginUITests/Info.plist;
				LD_RUNPATH_SEARCH_PATHS = (
					"$(inherited)",
					"@executable_path/Frameworks",
					"@loader_path/Frameworks",
				);
				PRODUCT_BUNDLE_IDENTIFIER = "sopt.IOS-assignment-loginUITests";
				PRODUCT_NAME = "$(TARGET_NAME)";
				SWIFT_VERSION = 5.0;
				TARGETED_DEVICE_FAMILY = "1,2";
				TEST_TARGET_NAME = IOS_assignment_login;
			};
			name = Release;
		};
/* End XCBuildConfiguration section */

/* Begin XCConfigurationList section */
		3D5F606B244AE5AA00D9220F /* Build configuration list for PBXProject "IOS_assignment_login" */ = {
			isa = XCConfigurationList;
			buildConfigurations = (
				3D5F6098244AE5AC00D9220F /* Debug */,
				3D5F6099244AE5AC00D9220F /* Release */,
			);
			defaultConfigurationIsVisible = 0;
			defaultConfigurationName = Release;
		};
		3D5F609A244AE5AC00D9220F /* Build configuration list for PBXNativeTarget "IOS_assignment_login" */ = {
			isa = XCConfigurationList;
			buildConfigurations = (
				3D5F609B244AE5AC00D9220F /* Debug */,
				3D5F609C244AE5AC00D9220F /* Release */,
			);
			defaultConfigurationIsVisible = 0;
			defaultConfigurationName = Release;
		};
		3D5F609D244AE5AC00D9220F /* Build configuration list for PBXNativeTarget "IOS_assignment_loginTests" */ = {
			isa = XCConfigurationList;
			buildConfigurations = (
				3D5F609E244AE5AC00D9220F /* Debug */,
				3D5F609F244AE5AC00D9220F /* Release */,
			);
			defaultConfigurationIsVisible = 0;
			defaultConfigurationName = Release;
		};
		3D5F60A0244AE5AC00D9220F /* Build configuration list for PBXNativeTarget "IOS_assignment_loginUITests" */ = {
			isa = XCConfigurationList;
			buildConfigurations = (
				3D5F60A1244AE5AC00D9220F /* Debug */,
				3D5F60A2244AE5AC00D9220F /* Release */,
			);
			defaultConfigurationIsVisible = 0;
			defaultConfigurationName = Release;
		};
/* End XCConfigurationList section */
	};
	rootObject = 3D5F6068244AE5AA00D9220F /* Project object */;
}
