// !$*UTF8*$!
{
	archiveVersion = 1;
	classes = {
	};
	objectVersion = 50;
	objects = {

/* Begin PBXBuildFile section */
		3DE6AF6C2454B0CE002453AD /* AppDelegate.swift in Sources */ = {isa = PBXBuildFile; fileRef = 3DE6AF6B2454B0CE002453AD /* AppDelegate.swift */; };
		3DE6AF6E2454B0CE002453AD /* SceneDelegate.swift in Sources */ = {isa = PBXBuildFile; fileRef = 3DE6AF6D2454B0CE002453AD /* SceneDelegate.swift */; };
		3DE6AF702454B0CE002453AD /* ViewController.swift in Sources */ = {isa = PBXBuildFile; fileRef = 3DE6AF6F2454B0CE002453AD /* ViewController.swift */; };
		3DE6AF732454B0CE002453AD /* Main.storyboard in Resources */ = {isa = PBXBuildFile; fileRef = 3DE6AF712454B0CE002453AD /* Main.storyboard */; };
		3DE6AF752454B0D1002453AD /* Assets.xcassets in Resources */ = {isa = PBXBuildFile; fileRef = 3DE6AF742454B0D1002453AD /* Assets.xcassets */; };
		3DE6AF782454B0D1002453AD /* LaunchScreen.storyboard in Resources */ = {isa = PBXBuildFile; fileRef = 3DE6AF762454B0D1002453AD /* LaunchScreen.storyboard */; };
/* End PBXBuildFile section */

/* Begin PBXFileReference section */
		3DE6AF682454B0CE002453AD /* iOS_2nd_Assignment_Calculator.app */ = {isa = PBXFileReference; explicitFileType = wrapper.application; includeInIndex = 0; path = iOS_2nd_Assignment_Calculator.app; sourceTree = BUILT_PRODUCTS_DIR; };
		3DE6AF6B2454B0CE002453AD /* AppDelegate.swift */ = {isa = PBXFileReference; lastKnownFileType = sourcecode.swift; path = AppDelegate.swift; sourceTree = "<group>"; };
		3DE6AF6D2454B0CE002453AD /* SceneDelegate.swift */ = {isa = PBXFileReference; lastKnownFileType = sourcecode.swift; path = SceneDelegate.swift; sourceTree = "<group>"; };
		3DE6AF6F2454B0CE002453AD /* ViewController.swift */ = {isa = PBXFileReference; lastKnownFileType = sourcecode.swift; path = ViewController.swift; sourceTree = "<group>"; };
		3DE6AF722454B0CE002453AD /* Base */ = {isa = PBXFileReference; lastKnownFileType = file.storyboard; name = Base; path = Base.lproj/Main.storyboard; sourceTree = "<group>"; };
		3DE6AF742454B0D1002453AD /* Assets.xcassets */ = {isa = PBXFileReference; lastKnownFileType = folder.assetcatalog; path = Assets.xcassets; sourceTree = "<group>"; };
		3DE6AF772454B0D1002453AD /* Base */ = {isa = PBXFileReference; lastKnownFileType = file.storyboard; name = Base; path = Base.lproj/LaunchScreen.storyboard; sourceTree = "<group>"; };
		3DE6AF792454B0D1002453AD /* Info.plist */ = {isa = PBXFileReference; lastKnownFileType = text.plist.xml; path = Info.plist; sourceTree = "<group>"; };
/* End PBXFileReference section */

/* Begin PBXFrameworksBuildPhase section */
		3DE6AF652454B0CE002453AD /* Frameworks */ = {
			isa = PBXFrameworksBuildPhase;
			buildActionMask = 2147483647;
			files = (
			);
			runOnlyForDeploymentPostprocessing = 0;
		};
/* End PBXFrameworksBuildPhase section */

/* Begin PBXGroup section */
		3DE6AF5F2454B0CE002453AD = {
			isa = PBXGroup;
			children = (
				3DE6AF6A2454B0CE002453AD /* iOS_2nd_Assignment_Calculator */,
				3DE6AF692454B0CE002453AD /* Products */,
			);
			sourceTree = "<group>";
		};
		3DE6AF692454B0CE002453AD /* Products */ = {
			isa = PBXGroup;
			children = (
				3DE6AF682454B0CE002453AD /* iOS_2nd_Assignment_Calculator.app */,
			);
			name = Products;
			sourceTree = "<group>";
		};
		3DE6AF6A2454B0CE002453AD /* iOS_2nd_Assignment_Calculator */ = {
			isa = PBXGroup;
			children = (
				3DE6AF6B2454B0CE002453AD /* AppDelegate.swift */,
				3DE6AF6D2454B0CE002453AD /* SceneDelegate.swift */,
				3DE6AF6F2454B0CE002453AD /* ViewController.swift */,
				3DE6AF712454B0CE002453AD /* Main.storyboard */,
				3DE6AF742454B0D1002453AD /* Assets.xcassets */,
				3DE6AF762454B0D1002453AD /* LaunchScreen.storyboard */,
				3DE6AF792454B0D1002453AD /* Info.plist */,
			);
			path = iOS_2nd_Assignment_Calculator;
			sourceTree = "<group>";
		};
/* End PBXGroup section */

/* Begin PBXNativeTarget section */
		3DE6AF672454B0CE002453AD /* iOS_2nd_Assignment_Calculator */ = {
			isa = PBXNativeTarget;
			buildConfigurationList = 3DE6AF7C2454B0D1002453AD /* Build configuration list for PBXNativeTarget "iOS_2nd_Assignment_Calculator" */;
			buildPhases = (
				3DE6AF642454B0CE002453AD /* Sources */,
				3DE6AF652454B0CE002453AD /* Frameworks */,
				3DE6AF662454B0CE002453AD /* Resources */,
			);
			buildRules = (
			);
			dependencies = (
			);
			name = iOS_2nd_Assignment_Calculator;
			productName = iOS_2nd_Assignment_Calculator;
			productReference = 3DE6AF682454B0CE002453AD /* iOS_2nd_Assignment_Calculator.app */;
			productType = "com.apple.product-type.application";
		};
/* End PBXNativeTarget section */

/* Begin PBXProject section */
		3DE6AF602454B0CE002453AD /* Project object */ = {
			isa = PBXProject;
			attributes = {
				LastSwiftUpdateCheck = 1120;
				LastUpgradeCheck = 1120;
				ORGANIZATIONNAME = "김민희";
				TargetAttributes = {
					3DE6AF672454B0CE002453AD = {
						CreatedOnToolsVersion = 11.2.1;
					};
				};
			};
			buildConfigurationList = 3DE6AF632454B0CE002453AD /* Build configuration list for PBXProject "iOS_2nd_Assignment_Calculator" */;
			compatibilityVersion = "Xcode 9.3";
			developmentRegion = en;
			hasScannedForEncodings = 0;
			knownRegions = (
				en,
				Base,
			);
			mainGroup = 3DE6AF5F2454B0CE002453AD;
			productRefGroup = 3DE6AF692454B0CE002453AD /* Products */;
			projectDirPath = "";
			projectRoot = "";
			targets = (
				3DE6AF672454B0CE002453AD /* iOS_2nd_Assignment_Calculator */,
			);
		};
/* End PBXProject section */

/* Begin PBXResourcesBuildPhase section */
		3DE6AF662454B0CE002453AD /* Resources */ = {
			isa = PBXResourcesBuildPhase;
			buildActionMask = 2147483647;
			files = (
				3DE6AF782454B0D1002453AD /* LaunchScreen.storyboard in Resources */,
				3DE6AF752454B0D1002453AD /* Assets.xcassets in Resources */,
				3DE6AF732454B0CE002453AD /* Main.storyboard in Resources */,
			);
			runOnlyForDeploymentPostprocessing = 0;
		};
/* End PBXResourcesBuildPhase section */

/* Begin PBXSourcesBuildPhase section */
		3DE6AF642454B0CE002453AD /* Sources */ = {
			isa = PBXSourcesBuildPhase;
			buildActionMask = 2147483647;
			files = (
				3DE6AF702454B0CE002453AD /* ViewController.swift in Sources */,
				3DE6AF6C2454B0CE002453AD /* AppDelegate.swift in Sources */,
				3DE6AF6E2454B0CE002453AD /* SceneDelegate.swift in Sources */,
			);
			runOnlyForDeploymentPostprocessing = 0;
		};
/* End PBXSourcesBuildPhase section */

/* Begin PBXVariantGroup section */
		3DE6AF712454B0CE002453AD /* Main.storyboard */ = {
			isa = PBXVariantGroup;
			children = (
				3DE6AF722454B0CE002453AD /* Base */,
			);
			name = Main.storyboard;
			sourceTree = "<group>";
		};
		3DE6AF762454B0D1002453AD /* LaunchScreen.storyboard */ = {
			isa = PBXVariantGroup;
			children = (
				3DE6AF772454B0D1002453AD /* Base */,
			);
			name = LaunchScreen.storyboard;
			sourceTree = "<group>";
		};
/* End PBXVariantGroup section */

/* Begin XCBuildConfiguration section */
		3DE6AF7A2454B0D1002453AD /* Debug */ = {
			isa = XCBuildConfiguration;
			buildSettings = {
				ALWAYS_SEARCH_USER_PATHS = NO;
				CLANG_ANALYZER_NONNULL = YES;
				CLANG_ANALYZER_NUMBER_OBJECT_CONVERSION = YES_AGGRESSIVE;
				CLANG_CXX_LANGUAGE_STANDARD = "gnu++14";
				CLANG_CXX_LIBRARY = "libc++";
				CLANG_ENABLE_MODULES = YES;
				CLANG_ENABLE_OBJC_ARC = YES;
				CLANG_ENABLE_OBJC_WEAK = YES;
				CLANG_WARN_BLOCK_CAPTURE_AUTORELEASING = YES;
				CLANG_WARN_BOOL_CONVERSION = YES;
				CLANG_WARN_COMMA = YES;
				CLANG_WARN_CONSTANT_CONVERSION = YES;
				CLANG_WARN_DEPRECATED_OBJC_IMPLEMENTATIONS = YES;
				CLANG_WARN_DIRECT_OBJC_ISA_USAGE = YES_ERROR;
				CLANG_WARN_DOCUMENTATION_COMMENTS = YES;
				CLANG_WARN_EMPTY_BODY = YES;
				CLANG_WARN_ENUM_CONVERSION = YES;
				CLANG_WARN_INFINITE_RECURSION = YES;
				CLANG_WARN_INT_CONVERSION = YES;
				CLANG_WARN_NON_LITERAL_NULL_CONVERSION = YES;
				CLANG_WARN_OBJC_IMPLICIT_RETAIN_SELF = YES;
				CLANG_WARN_OBJC_LITERAL_CONVERSION = YES;
				CLANG_WARN_OBJC_ROOT_CLASS = YES_ERROR;
				CLANG_WARN_RANGE_LOOP_ANALYSIS = YES;
				CLANG_WARN_STRICT_PROTOTYPES = YES;
				CLANG_WARN_SUSPICIOUS_MOVE = YES;
				CLANG_WARN_UNGUARDED_AVAILABILITY = YES_AGGRESSIVE;
				CLANG_WARN_UNREACHABLE_CODE = YES;
				CLANG_WARN__DUPLICATE_METHOD_MATCH = YES;
				COPY_PHASE_STRIP = NO;
				DEBUG_INFORMATION_FORMAT = dwarf;
				ENABLE_STRICT_OBJC_MSGSEND = YES;
				ENABLE_TESTABILITY = YES;
				GCC_C_LANGUAGE_STANDARD = gnu11;
				GCC_DYNAMIC_NO_PIC = NO;
				GCC_NO_COMMON_BLOCKS = YES;
				GCC_OPTIMIZATION_LEVEL = 0;
				GCC_PREPROCESSOR_DEFINITIONS = (
					"DEBUG=1",
					"$(inherited)",
				);
				GCC_WARN_64_TO_32_BIT_CONVERSION = YES;
				GCC_WARN_ABOUT_RETURN_TYPE = YES_ERROR;
				GCC_WARN_UNDECLARED_SELECTOR = YES;
				GCC_WARN_UNINITIALIZED_AUTOS = YES_AGGRESSIVE;
				GCC_WARN_UNUSED_FUNCTION = YES;
				GCC_WARN_UNUSED_VARIABLE = YES;
				IPHONEOS_DEPLOYMENT_TARGET = 13.2;
				MTL_ENABLE_DEBUG_INFO = INCLUDE_SOURCE;
				MTL_FAST_MATH = YES;
				ONLY_ACTIVE_ARCH = YES;
				SDKROOT = iphoneos;
				SWIFT_ACTIVE_COMPILATION_CONDITIONS = DEBUG;
				SWIFT_OPTIMIZATION_LEVEL = "-Onone";
			};
			name = Debug;
		};
		3DE6AF7B2454B0D1002453AD /* Release */ = {
			isa = XCBuildConfiguration;
			buildSettings = {
				ALWAYS_SEARCH_USER_PATHS = NO;
				CLANG_ANALYZER_NONNULL = YES;
				CLANG_ANALYZER_NUMBER_OBJECT_CONVERSION = YES_AGGRESSIVE;
				CLANG_CXX_LANGUAGE_STANDARD = "gnu++14";
				CLANG_CXX_LIBRARY = "libc++";
				CLANG_ENABLE_MODULES = YES;
				CLANG_ENABLE_OBJC_ARC = YES;
				CLANG_ENABLE_OBJC_WEAK = YES;
				CLANG_WARN_BLOCK_CAPTURE_AUTORELEASING = YES;
				CLANG_WARN_BOOL_CONVERSION = YES;
				CLANG_WARN_COMMA = YES;
				CLANG_WARN_CONSTANT_CONVERSION = YES;
				CLANG_WARN_DEPRECATED_OBJC_IMPLEMENTATIONS = YES;
				CLANG_WARN_DIRECT_OBJC_ISA_USAGE = YES_ERROR;
				CLANG_WARN_DOCUMENTATION_COMMENTS = YES;
				CLANG_WARN_EMPTY_BODY = YES;
				CLANG_WARN_ENUM_CONVERSION = YES;
				CLANG_WARN_INFINITE_RECURSION = YES;
				CLANG_WARN_INT_CONVERSION = YES;
				CLANG_WARN_NON_LITERAL_NULL_CONVERSION = YES;
				CLANG_WARN_OBJC_IMPLICIT_RETAIN_SELF = YES;
				CLANG_WARN_OBJC_LITERAL_CONVERSION = YES;
				CLANG_WARN_OBJC_ROOT_CLASS = YES_ERROR;
				CLANG_WARN_RANGE_LOOP_ANALYSIS = YES;
				CLANG_WARN_STRICT_PROTOTYPES = YES;
				CLANG_WARN_SUSPICIOUS_MOVE = YES;
				CLANG_WARN_UNGUARDED_AVAILABILITY = YES_AGGRESSIVE;
				CLANG_WARN_UNREACHABLE_CODE = YES;
				CLANG_WARN__DUPLICATE_METHOD_MATCH = YES;
				COPY_PHASE_STRIP = NO;
				DEBUG_INFORMATION_FORMAT = "dwarf-with-dsym";
				ENABLE_NS_ASSERTIONS = NO;
				ENABLE_STRICT_OBJC_MSGSEND = YES;
				GCC_C_LANGUAGE_STANDARD = gnu11;
				GCC_NO_COMMON_BLOCKS = YES;
				GCC_WARN_64_TO_32_BIT_CONVERSION = YES;
				GCC_WARN_ABOUT_RETURN_TYPE = YES_ERROR;
				GCC_WARN_UNDECLARED_SELECTOR = YES;
				GCC_WARN_UNINITIALIZED_AUTOS = YES_AGGRESSIVE;
				GCC_WARN_UNUSED_FUNCTION = YES;
				GCC_WARN_UNUSED_VARIABLE = YES;
				IPHONEOS_DEPLOYMENT_TARGET = 13.2;
				MTL_ENABLE_DEBUG_INFO = NO;
				MTL_FAST_MATH = YES;
				SDKROOT = iphoneos;
				SWIFT_COMPILATION_MODE = wholemodule;
				SWIFT_OPTIMIZATION_LEVEL = "-O";
				VALIDATE_PRODUCT = YES;
			};
			name = Release;
		};
		3DE6AF7D2454B0D1002453AD /* Debug */ = {
			isa = XCBuildConfiguration;
			buildSettings = {
				ASSETCATALOG_COMPILER_APPICON_NAME = AppIcon;
				CODE_SIGN_STYLE = Automatic;
				DEVELOPMENT_TEAM = DUQE66MABG;
				INFOPLIST_FILE = iOS_2nd_Assignment_Calculator/Info.plist;
				LD_RUNPATH_SEARCH_PATHS = (
					"$(inherited)",
					"@executable_path/Frameworks",
				);
				PRODUCT_BUNDLE_IDENTIFIER = "sopt.iOS-2nd-Assignment-Calculator";
				PRODUCT_NAME = "$(TARGET_NAME)";
				SWIFT_VERSION = 5.0;
				TARGETED_DEVICE_FAMILY = "1,2";
			};
			name = Debug;
		};
		3DE6AF7E2454B0D1002453AD /* Release */ = {
			isa = XCBuildConfiguration;
			buildSettings = {
				ASSETCATALOG_COMPILER_APPICON_NAME = AppIcon;
				CODE_SIGN_STYLE = Automatic;
				DEVELOPMENT_TEAM = DUQE66MABG;
				INFOPLIST_FILE = iOS_2nd_Assignment_Calculator/Info.plist;
				LD_RUNPATH_SEARCH_PATHS = (
					"$(inherited)",
					"@executable_path/Frameworks",
				);
				PRODUCT_BUNDLE_IDENTIFIER = "sopt.iOS-2nd-Assignment-Calculator";
				PRODUCT_NAME = "$(TARGET_NAME)";
				SWIFT_VERSION = 5.0;
				TARGETED_DEVICE_FAMILY = "1,2";
			};
			name = Release;
		};
/* End XCBuildConfiguration section */

/* Begin XCConfigurationList section */
		3DE6AF632454B0CE002453AD /* Build configuration list for PBXProject "iOS_2nd_Assignment_Calculator" */ = {
			isa = XCConfigurationList;
			buildConfigurations = (
				3DE6AF7A2454B0D1002453AD /* Debug */,
				3DE6AF7B2454B0D1002453AD /* Release */,
			);
			defaultConfigurationIsVisible = 0;
			defaultConfigurationName = Release;
		};
		3DE6AF7C2454B0D1002453AD /* Build configuration list for PBXNativeTarget "iOS_2nd_Assignment_Calculator" */ = {
			isa = XCConfigurationList;
			buildConfigurations = (
				3DE6AF7D2454B0D1002453AD /* Debug */,
				3DE6AF7E2454B0D1002453AD /* Release */,
			);
			defaultConfigurationIsVisible = 0;
			defaultConfigurationName = Release;
		};
/* End XCConfigurationList section */
	};
	rootObject = 3DE6AF602454B0CE002453AD /* Project object */;
}
